
Microsoft Visual Studio Solution File, Format Version 12.00
# Visual Studio Version 17
VisualStudioVersion = 17.5.001.0
MinimumVisualStudioVersion = 10.0.40219.1
Project("{9A19103F-16F7-4668-BE54-9A1E7A4F7556}") = "Casting", "Casting\Casting.csproj", "{5456A60C-D829-419C-BF61-9978361B673F}"
EndProject
Project("{9A19103F-16F7-4668-BE54-9A1E7A4F7556}") = "HelloWorld", "HelloWorld\HelloWorld.csproj", "{7EC915A3-FB7B-4AB4-8A18-547285F221AF}"
EndProject
Global
	GlobalSection(SolutionConfigurationPlatforms) = preSolution
		Debug|Any CPU = Debug|Any CPU
		Release|Any CPU = Release|Any CPU
	EndGlobalSection
	GlobalSection(ProjectConfigurationPlatforms) = postSolution
		{5456A60C-D829-419C-BF61-9978361B673F}.Debug|Any CPU.ActiveCfg = Debug|Any CPU
		{5456A60C-D829-419C-BF61-9978361B673F}.Debug|Any CPU.Build.0 = Debug|Any CPU
		{5456A60C-D829-419C-BF61-9978361B673F}.Release|Any CPU.ActiveCfg = Release|Any CPU
		{5456A60C-D829-419C-BF61-9978361B673F}.Release|Any CPU.Build.0 = Release|Any CPU
		{7EC915A3-FB7B-4AB4-8A18-547285F221AF}.Debug|Any CPU.ActiveCfg = Debug|Any CPU
		{7EC915A3-FB7B-4AB4-8A18-547285F221AF}.Debug|Any CPU.Build.0 = Debug|Any CPU
		{7EC915A3-FB7B-4AB4-8A18-547285F221AF}.Release|Any CPU.ActiveCfg = Release|Any CPU
		{7EC915A3-FB7B-4AB4-8A18-547285F221AF}.Release|Any CPU.Build.0 = Release|Any CPU
	EndGlobalSection
	GlobalSection(SolutionProperties) = preSolution
		HideSolutionNode = FALSE
	EndGlobalSection
	GlobalSection(ExtensibilityGlobals) = postSolution
		SolutionGuid = {160F8EB4-8ABB-419E-8690-AC7527E07EAD}
	EndGlobalSection
EndGlobal
